
Microsoft Visual Studio Solution File, Format Version 12.00
# Visual Studio 15
VisualStudioVersion = 15.0.27004.2006
MinimumVisualStudioVersion = 10.0.40219.1
Project("{FAE04EC0-301F-11D3-BF4B-00C04F79EFBC}") = "SimpleSolution", "SimpleSolution\SimpleSolution.csproj", "{136B66C9-AC77-408E-9727-751283374945}"
EndProject
Project("{FAE04EC0-301F-11D3-BF4B-00C04F79EFBC}") = "SimpleSolutionNET", "SimpleSolutionNET\SimpleSolutionNET.csproj", "{355D74DB-C131-4F1A-9F66-3CF51B0283DB}"
EndProject
Global
	GlobalSection(SolutionConfigurationPlatforms) = preSolution
		Debug|Any CPU = Debug|Any CPU
		Release|Any CPU = Release|Any CPU
	EndGlobalSection
	GlobalSection(ProjectConfigurationPlatforms) = postSolution
		{136B66C9-AC77-408E-9727-751283374945}.Debug|Any CPU.ActiveCfg = Debug|Any CPU
		{136B66C9-AC77-408E-9727-751283374945}.Debug|Any CPU.Build.0 = Debug|Any CPU
		{136B66C9-AC77-408E-9727-751283374945}.Release|Any CPU.ActiveCfg = Release|Any CPU
		{136B66C9-AC77-408E-9727-751283374945}.Release|Any CPU.Build.0 = Release|Any CPU
		{355D74DB-C131-4F1A-9F66-3CF51B0283DB}.Debug|Any CPU.ActiveCfg = Debug|Any CPU
		{355D74DB-C131-4F1A-9F66-3CF51B0283DB}.Debug|Any CPU.Build.0 = Debug|Any CPU
		{355D74DB-C131-4F1A-9F66-3CF51B0283DB}.Release|Any CPU.ActiveCfg = Release|Any CPU
		{355D74DB-C131-4F1A-9F66-3CF51B0283DB}.Release|Any CPU.Build.0 = Release|Any CPU
	EndGlobalSection
	GlobalSection(SolutionProperties) = preSolution
		HideSolutionNode = FALSE
	EndGlobalSection
	GlobalSection(ExtensibilityGlobals) = postSolution
		SolutionGuid = {5587291F-E1E3-49D1-94FB-1F6FA2EE6EDC}
	EndGlobalSection
EndGlobal
